
Microsoft Visual Studio Solution File, Format Version 12.00
# Visual Studio 15
VisualStudioVersion = 15.0.28010.2050
MinimumVisualStudioVersion = 10.0.40219.1
Project("{FAE04EC0-301F-11D3-BF4B-00C04F79EFBC}") = "VLibrarian", "VLibrarian\VLibrarian.csproj", "{362F8564-E596-462D-BA94-D0B96A14E96C}"
EndProject
Global
	GlobalSection(SolutionConfigurationPlatforms) = preSolution
		Debug|Any CPU = Debug|Any CPU
		Release|Any CPU = Release|Any CPU
	EndGlobalSection
	GlobalSection(ProjectConfigurationPlatforms) = postSolution
		{362F8564-E596-462D-BA94-D0B96A14E96C}.Debug|Any CPU.ActiveCfg = Debug|Any CPU
		{362F8564-E596-462D-BA94-D0B96A14E96C}.Debug|Any CPU.Build.0 = Debug|Any CPU
		{362F8564-E596-462D-BA94-D0B96A14E96C}.Debug|Any CPU.Deploy.0 = Debug|Any CPU
		{362F8564-E596-462D-BA94-D0B96A14E96C}.Release|Any CPU.ActiveCfg = Release|Any CPU
		{362F8564-E596-462D-BA94-D0B96A14E96C}.Release|Any CPU.Build.0 = Release|Any CPU
		{362F8564-E596-462D-BA94-D0B96A14E96C}.Release|Any CPU.Deploy.0 = Release|Any CPU
	EndGlobalSection
	GlobalSection(SolutionProperties) = preSolution
		HideSolutionNode = FALSE
	EndGlobalSection
	GlobalSection(ExtensibilityGlobals) = postSolution
		SolutionGuid = {B8CD05B8-FF62-40DC-9E95-604850E327A6}
	EndGlobalSection
EndGlobal
